// !$*UTF8*$!
{
	archiveVersion = 1;
	classes = {
	};
	objectVersion = 46;
	objects = {

/* Begin PBXBuildFile section */
		73EC108189F074B8982091DE /* Pods_UserPhotosTest.framework in Frameworks */ = {isa = PBXBuildFile; fileRef = ABF05E76FA884F211DAFF7A3 /* Pods_UserPhotosTest.framework */; };
		E11079481F418C0700F766AD /* PhotoCell.swift in Sources */ = {isa = PBXBuildFile; fileRef = E11079471F418C0700F766AD /* PhotoCell.swift */; };
		E110794A1F418EE100F766AD /* TextCell.swift in Sources */ = {isa = PBXBuildFile; fileRef = E11079491F418EE100F766AD /* TextCell.swift */; };
		E1310E481F4093E400BCDCF6 /* AppDelegate.swift in Sources */ = {isa = PBXBuildFile; fileRef = E1310E471F4093E400BCDCF6 /* AppDelegate.swift */; };
		E1310E4A1F4093E400BCDCF6 /* ViewController.swift in Sources */ = {isa = PBXBuildFile; fileRef = E1310E491F4093E400BCDCF6 /* ViewController.swift */; };
		E1310E4D1F4093E400BCDCF6 /* Main.storyboard in Resources */ = {isa = PBXBuildFile; fileRef = E1310E4B1F4093E400BCDCF6 /* Main.storyboard */; };
		E1310E4F1F4093E400BCDCF6 /* Assets.xcassets in Resources */ = {isa = PBXBuildFile; fileRef = E1310E4E1F4093E400BCDCF6 /* Assets.xcassets */; };
		E1310E521F4093E400BCDCF6 /* LaunchScreen.storyboard in Resources */ = {isa = PBXBuildFile; fileRef = E1310E501F4093E400BCDCF6 /* LaunchScreen.storyboard */; };
		E1310E5A1F40AF0900BCDCF6 /* ViewControllerModel.swift in Sources */ = {isa = PBXBuildFile; fileRef = E1310E591F40AF0900BCDCF6 /* ViewControllerModel.swift */; };
		E1E67AD01F419A3200C7BB2A /* Photo.swift in Sources */ = {isa = PBXBuildFile; fileRef = E1E67ACF1F419A3200C7BB2A /* Photo.swift */; };
		E1E67AD31F419F7D00C7BB2A /* DataStore.swift in Sources */ = {isa = PBXBuildFile; fileRef = E1E67AD21F419F7D00C7BB2A /* DataStore.swift */; };
		E1E67AD51F41A0C400C7BB2A /* CertificatePhoto.swift in Sources */ = {isa = PBXBuildFile; fileRef = E1E67AD41F41A0C400C7BB2A /* CertificatePhoto.swift */; };
		E1E67AD81F41CE6500C7BB2A /* Alerts.swift in Sources */ = {isa = PBXBuildFile; fileRef = E1E67AD71F41CE6500C7BB2A /* Alerts.swift */; };
/* End PBXBuildFile section */

/* Begin PBXFileReference section */
		682B6DBCE927B1E0ACCF256F /* Pods-UserPhotosTest.release.xcconfig */ = {isa = PBXFileReference; includeInIndex = 1; lastKnownFileType = text.xcconfig; name = "Pods-UserPhotosTest.release.xcconfig"; path = "Pods/Target Support Files/Pods-UserPhotosTest/Pods-UserPhotosTest.release.xcconfig"; sourceTree = "<group>"; };
		9D191A6007686751181181DF /* Pods-UserPhotosTest.debug.xcconfig */ = {isa = PBXFileReference; includeInIndex = 1; lastKnownFileType = text.xcconfig; name = "Pods-UserPhotosTest.debug.xcconfig"; path = "Pods/Target Support Files/Pods-UserPhotosTest/Pods-UserPhotosTest.debug.xcconfig"; sourceTree = "<group>"; };
		ABF05E76FA884F211DAFF7A3 /* Pods_UserPhotosTest.framework */ = {isa = PBXFileReference; explicitFileType = wrapper.framework; includeInIndex = 0; path = Pods_UserPhotosTest.framework; sourceTree = BUILT_PRODUCTS_DIR; };
		E11079471F418C0700F766AD /* PhotoCell.swift */ = {isa = PBXFileReference; fileEncoding = 4; lastKnownFileType = sourcecode.swift; path = PhotoCell.swift; sourceTree = "<group>"; };
		E11079491F418EE100F766AD /* TextCell.swift */ = {isa = PBXFileReference; fileEncoding = 4; lastKnownFileType = sourcecode.swift; path = TextCell.swift; sourceTree = "<group>"; };
		E1310E441F4093E400BCDCF6 /* UserPhotosTest.app */ = {isa = PBXFileReference; explicitFileType = wrapper.application; includeInIndex = 0; path = UserPhotosTest.app; sourceTree = BUILT_PRODUCTS_DIR; };
		E1310E471F4093E400BCDCF6 /* AppDelegate.swift */ = {isa = PBXFileReference; lastKnownFileType = sourcecode.swift; path = AppDelegate.swift; sourceTree = "<group>"; };
		E1310E491F4093E400BCDCF6 /* ViewController.swift */ = {isa = PBXFileReference; lastKnownFileType = sourcecode.swift; path = ViewController.swift; sourceTree = "<group>"; };
		E1310E4C1F4093E400BCDCF6 /* Base */ = {isa = PBXFileReference; lastKnownFileType = file.storyboard; name = Base; path = Base.lproj/Main.storyboard; sourceTree = "<group>"; };
		E1310E4E1F4093E400BCDCF6 /* Assets.xcassets */ = {isa = PBXFileReference; lastKnownFileType = folder.assetcatalog; path = Assets.xcassets; sourceTree = "<group>"; };
		E1310E511F4093E400BCDCF6 /* Base */ = {isa = PBXFileReference; lastKnownFileType = file.storyboard; name = Base; path = Base.lproj/LaunchScreen.storyboard; sourceTree = "<group>"; };
		E1310E531F4093E400BCDCF6 /* Info.plist */ = {isa = PBXFileReference; lastKnownFileType = text.plist.xml; path = Info.plist; sourceTree = "<group>"; };
		E1310E591F40AF0900BCDCF6 /* ViewControllerModel.swift */ = {isa = PBXFileReference; fileEncoding = 4; lastKnownFileType = sourcecode.swift; path = ViewControllerModel.swift; sourceTree = "<group>"; };
		E1E67ACF1F419A3200C7BB2A /* Photo.swift */ = {isa = PBXFileReference; fileEncoding = 4; lastKnownFileType = sourcecode.swift; path = Photo.swift; sourceTree = "<group>"; };
		E1E67AD21F419F7D00C7BB2A /* DataStore.swift */ = {isa = PBXFileReference; fileEncoding = 4; lastKnownFileType = sourcecode.swift; path = DataStore.swift; sourceTree = "<group>"; };
		E1E67AD41F41A0C400C7BB2A /* CertificatePhoto.swift */ = {isa = PBXFileReference; fileEncoding = 4; lastKnownFileType = sourcecode.swift; path = CertificatePhoto.swift; sourceTree = "<group>"; };
		E1E67AD71F41CE6500C7BB2A /* Alerts.swift */ = {isa = PBXFileReference; fileEncoding = 4; lastKnownFileType = sourcecode.swift; path = Alerts.swift; sourceTree = "<group>"; };
/* End PBXFileReference section */

/* Begin PBXFrameworksBuildPhase section */
		E1310E411F4093E400BCDCF6 /* Frameworks */ = {
			isa = PBXFrameworksBuildPhase;
			buildActionMask = 2147483647;
			files = (
				73EC108189F074B8982091DE /* Pods_UserPhotosTest.framework in Frameworks */,
			);
			runOnlyForDeploymentPostprocessing = 0;
		};
/* End PBXFrameworksBuildPhase section */

/* Begin PBXGroup section */
		4F12E766768991D581F550E3 /* Frameworks */ = {
			isa = PBXGroup;
			children = (
				ABF05E76FA884F211DAFF7A3 /* Pods_UserPhotosTest.framework */,
			);
			name = Frameworks;
			sourceTree = "<group>";
		};
		E11079461F418BF600F766AD /* Views */ = {
			isa = PBXGroup;
			children = (
				E11079471F418C0700F766AD /* PhotoCell.swift */,
				E11079491F418EE100F766AD /* TextCell.swift */,
			);
			name = Views;
			sourceTree = "<group>";
		};
		E1310E3B1F4093E400BCDCF6 = {
			isa = PBXGroup;
			children = (
				E1310E461F4093E400BCDCF6 /* UserPhotosTest */,
				E1310E451F4093E400BCDCF6 /* Products */,
				FB6E2179B1531A39E003E72C /* Pods */,
				4F12E766768991D581F550E3 /* Frameworks */,
			);
			sourceTree = "<group>";
		};
		E1310E451F4093E400BCDCF6 /* Products */ = {
			isa = PBXGroup;
			children = (
				E1310E441F4093E400BCDCF6 /* UserPhotosTest.app */,
			);
			name = Products;
			sourceTree = "<group>";
		};
		E1310E461F4093E400BCDCF6 /* UserPhotosTest */ = {
			isa = PBXGroup;
			children = (
				E1E67AD61F41CE4400C7BB2A /* Extensions */,
				E1E67AD11F419F5A00C7BB2A /* DataStore */,
				E1E67ACE1F419A0800C7BB2A /* Entities */,
				E11079461F418BF600F766AD /* Views */,
				E13DBA201F41DDAE0022EE12 /* Controller */,
				E1310E471F4093E400BCDCF6 /* AppDelegate.swift */,
				E1310E4B1F4093E400BCDCF6 /* Main.storyboard */,
				E1310E4E1F4093E400BCDCF6 /* Assets.xcassets */,
				E1310E501F4093E400BCDCF6 /* LaunchScreen.storyboard */,
				E1310E531F4093E400BCDCF6 /* Info.plist */,
			);
			path = UserPhotosTest;
			sourceTree = "<group>";
		};
		E13DBA201F41DDAE0022EE12 /* Controller */ = {
			isa = PBXGroup;
			children = (
				E1310E591F40AF0900BCDCF6 /* ViewControllerModel.swift */,
				E1310E491F4093E400BCDCF6 /* ViewController.swift */,
			);
			name = Controller;
			sourceTree = "<group>";
		};
		E1E67ACE1F419A0800C7BB2A /* Entities */ = {
			isa = PBXGroup;
			children = (
				E1E67ACF1F419A3200C7BB2A /* Photo.swift */,
				E1E67AD41F41A0C400C7BB2A /* CertificatePhoto.swift */,
			);
			name = Entities;
			sourceTree = "<group>";
		};
		E1E67AD11F419F5A00C7BB2A /* DataStore */ = {
			isa = PBXGroup;
			children = (
				E1E67AD21F419F7D00C7BB2A /* DataStore.swift */,
			);
			name = DataStore;
			sourceTree = "<group>";
		};
		E1E67AD61F41CE4400C7BB2A /* Extensions */ = {
			isa = PBXGroup;
			children = (
				E1E67AD71F41CE6500C7BB2A /* Alerts.swift */,
			);
			name = Extensions;
			sourceTree = "<group>";
		};
		FB6E2179B1531A39E003E72C /* Pods */ = {
			isa = PBXGroup;
			children = (
				9D191A6007686751181181DF /* Pods-UserPhotosTest.debug.xcconfig */,
				682B6DBCE927B1E0ACCF256F /* Pods-UserPhotosTest.release.xcconfig */,
			);
			name = Pods;
			sourceTree = "<group>";
		};
/* End PBXGroup section */

/* Begin PBXNativeTarget section */
		E1310E431F4093E400BCDCF6 /* UserPhotosTest */ = {
			isa = PBXNativeTarget;
			buildConfigurationList = E1310E561F4093E400BCDCF6 /* Build configuration list for PBXNativeTarget "UserPhotosTest" */;
			buildPhases = (
				70CA48DAA4241ABA53E95471 /* [CP] Check Pods Manifest.lock */,
				E1310E401F4093E400BCDCF6 /* Sources */,
				E1310E411F4093E400BCDCF6 /* Frameworks */,
				E1310E421F4093E400BCDCF6 /* Resources */,
				51DC276ADFBB2D242D58C7BF /* [CP] Embed Pods Frameworks */,
				2BADD07A9E5B291B20D79A06 /* [CP] Copy Pods Resources */,
			);
			buildRules = (
			);
			dependencies = (
			);
			name = UserPhotosTest;
			productName = UserPhotosTest;
			productReference = E1310E441F4093E400BCDCF6 /* UserPhotosTest.app */;
			productType = "com.apple.product-type.application";
		};
/* End PBXNativeTarget section */

/* Begin PBXProject section */
		E1310E3C1F4093E400BCDCF6 /* Project object */ = {
			isa = PBXProject;
			attributes = {
				LastSwiftUpdateCheck = 0810;
				LastUpgradeCheck = 0810;
				ORGANIZATIONNAME = vasyl;
				TargetAttributes = {
					E1310E431F4093E400BCDCF6 = {
						CreatedOnToolsVersion = 8.1;
						DevelopmentTeam = KHCF8EGZ5Y;
						ProvisioningStyle = Automatic;
					};
				};
			};
			buildConfigurationList = E1310E3F1F4093E400BCDCF6 /* Build configuration list for PBXProject "UserPhotosTest" */;
			compatibilityVersion = "Xcode 3.2";
			developmentRegion = English;
			hasScannedForEncodings = 0;
			knownRegions = (
				en,
				Base,
			);
			mainGroup = E1310E3B1F4093E400BCDCF6;
			productRefGroup = E1310E451F4093E400BCDCF6 /* Products */;
			projectDirPath = "";
			projectRoot = "";
			targets = (
				E1310E431F4093E400BCDCF6 /* UserPhotosTest */,
			);
		};
/* End PBXProject section */

/* Begin PBXResourcesBuildPhase section */
		E1310E421F4093E400BCDCF6 /* Resources */ = {
			isa = PBXResourcesBuildPhase;
			buildActionMask = 2147483647;
			files = (
				E1310E521F4093E400BCDCF6 /* LaunchScreen.storyboard in Resources */,
				E1310E4F1F4093E400BCDCF6 /* Assets.xcassets in Resources */,
				E1310E4D1F4093E400BCDCF6 /* Main.storyboard in Resources */,
			);
			runOnlyForDeploymentPostprocessing = 0;
		};
/* End PBXResourcesBuildPhase section */

/* Begin PBXShellScriptBuildPhase section */
		2BADD07A9E5B291B20D79A06 /* [CP] Copy Pods Resources */ = {
			isa = PBXShellScriptBuildPhase;
			buildActionMask = 2147483647;
			files = (
			);
			inputPaths = (
			);
			name = "[CP] Copy Pods Resources";
			outputPaths = (
			);
			runOnlyForDeploymentPostprocessing = 0;
			shellPath = /bin/sh;
			shellScript = "\"${SRCROOT}/Pods/Target Support Files/Pods-UserPhotosTest/Pods-UserPhotosTest-resources.sh\"\n";
			showEnvVarsInLog = 0;
		};
		51DC276ADFBB2D242D58C7BF /* [CP] Embed Pods Frameworks */ = {
			isa = PBXShellScriptBuildPhase;
			buildActionMask = 2147483647;
			files = (
			);
			inputPaths = (
			);
			name = "[CP] Embed Pods Frameworks";
			outputPaths = (
			);
			runOnlyForDeploymentPostprocessing = 0;
			shellPath = /bin/sh;
			shellScript = "\"${SRCROOT}/Pods/Target Support Files/Pods-UserPhotosTest/Pods-UserPhotosTest-frameworks.sh\"\n";
			showEnvVarsInLog = 0;
		};
		70CA48DAA4241ABA53E95471 /* [CP] Check Pods Manifest.lock */ = {
			isa = PBXShellScriptBuildPhase;
			buildActionMask = 2147483647;
			files = (
			);
			inputPaths = (
			);
			name = "[CP] Check Pods Manifest.lock";
			outputPaths = (
			);
			runOnlyForDeploymentPostprocessing = 0;
			shellPath = /bin/sh;
			shellScript = "diff \"${PODS_ROOT}/../Podfile.lock\" \"${PODS_ROOT}/Manifest.lock\" > /dev/null\nif [ $? != 0 ] ; then\n    # print error to STDERR\n    echo \"error: The sandbox is not in sync with the Podfile.lock. Run 'pod install' or update your CocoaPods installation.\" >&2\n    exit 1\nfi\n";
			showEnvVarsInLog = 0;
		};
/* End PBXShellScriptBuildPhase section */

/* Begin PBXSourcesBuildPhase section */
		E1310E401F4093E400BCDCF6 /* Sources */ = {
			isa = PBXSourcesBuildPhase;
			buildActionMask = 2147483647;
			files = (
				E1E67AD31F419F7D00C7BB2A /* DataStore.swift in Sources */,
				E1E67AD01F419A3200C7BB2A /* Photo.swift in Sources */,
				E110794A1F418EE100F766AD /* TextCell.swift in Sources */,
				E11079481F418C0700F766AD /* PhotoCell.swift in Sources */,
				E1310E5A1F40AF0900BCDCF6 /* ViewControllerModel.swift in Sources */,
				E1310E4A1F4093E400BCDCF6 /* ViewController.swift in Sources */,
				E1E67AD51F41A0C400C7BB2A /* CertificatePhoto.swift in Sources */,
				E1E67AD81F41CE6500C7BB2A /* Alerts.swift in Sources */,
				E1310E481F4093E400BCDCF6 /* AppDelegate.swift in Sources */,
			);
			runOnlyForDeploymentPostprocessing = 0;
		};
/* End PBXSourcesBuildPhase section */

/* Begin PBXVariantGroup section */
		E1310E4B1F4093E400BCDCF6 /* Main.storyboard */ = {
			isa = PBXVariantGroup;
			children = (
				E1310E4C1F4093E400BCDCF6 /* Base */,
			);
			name = Main.storyboard;
			sourceTree = "<group>";
		};
		E1310E501F4093E400BCDCF6 /* LaunchScreen.storyboard */ = {
			isa = PBXVariantGroup;
			children = (
				E1310E511F4093E400BCDCF6 /* Base */,
			);
			name = LaunchScreen.storyboard;
			sourceTree = "<group>";
		};
/* End PBXVariantGroup section */

/* Begin XCBuildConfiguration section */
		E1310E541F4093E400BCDCF6 /* Debug */ = {
			isa = XCBuildConfiguration;
			buildSettings = {
				ALWAYS_SEARCH_USER_PATHS = NO;
				CLANG_ANALYZER_NONNULL = YES;
				CLANG_CXX_LANGUAGE_STANDARD = "gnu++0x";
				CLANG_CXX_LIBRARY = "libc++";
				CLANG_ENABLE_MODULES = YES;
				CLANG_ENABLE_OBJC_ARC = YES;
				CLANG_WARN_BOOL_CONVERSION = YES;
				CLANG_WARN_CONSTANT_CONVERSION = YES;
				CLANG_WARN_DIRECT_OBJC_ISA_USAGE = YES_ERROR;
				CLANG_WARN_DOCUMENTATION_COMMENTS = YES;
				CLANG_WARN_EMPTY_BODY = YES;
				CLANG_WARN_ENUM_CONVERSION = YES;
				CLANG_WARN_INFINITE_RECURSION = YES;
				CLANG_WARN_INT_CONVERSION = YES;
				CLANG_WARN_OBJC_ROOT_CLASS = YES_ERROR;
				CLANG_WARN_SUSPICIOUS_MOVES = YES;
				CLANG_WARN_UNREACHABLE_CODE = YES;
				CLANG_WARN__DUPLICATE_METHOD_MATCH = YES;
				"CODE_SIGN_IDENTITY[sdk=iphoneos*]" = "iPhone Developer";
				COPY_PHASE_STRIP = NO;
				DEBUG_INFORMATION_FORMAT = dwarf;
				ENABLE_STRICT_OBJC_MSGSEND = YES;
				ENABLE_TESTABILITY = YES;
				GCC_C_LANGUAGE_STANDARD = gnu99;
				GCC_DYNAMIC_NO_PIC = NO;
				GCC_NO_COMMON_BLOCKS = YES;
				GCC_OPTIMIZATION_LEVEL = 0;
				GCC_PREPROCESSOR_DEFINITIONS = (
					"DEBUG=1",
					"$(inherited)",
				);
				GCC_WARN_64_TO_32_BIT_CONVERSION = YES;
				GCC_WARN_ABOUT_RETURN_TYPE = YES_ERROR;
				GCC_WARN_UNDECLARED_SELECTOR = YES;
				GCC_WARN_UNINITIALIZED_AUTOS = YES_AGGRESSIVE;
				GCC_WARN_UNUSED_FUNCTION = YES;
				GCC_WARN_UNUSED_VARIABLE = YES;
				IPHONEOS_DEPLOYMENT_TARGET = 10.1;
				MTL_ENABLE_DEBUG_INFO = YES;
				ONLY_ACTIVE_ARCH = YES;
				SDKROOT = iphoneos;
				SWIFT_ACTIVE_COMPILATION_CONDITIONS = DEBUG;
				SWIFT_OPTIMIZATION_LEVEL = "-Onone";
				TARGETED_DEVICE_FAMILY = "1,2";
			};
			name = Debug;
		};
		E1310E551F4093E400BCDCF6 /* Release */ = {
			isa = XCBuildConfiguration;
			buildSettings = {
				ALWAYS_SEARCH_USER_PATHS = NO;
				CLANG_ANALYZER_NONNULL = YES;
				CLANG_CXX_LANGUAGE_STANDARD = "gnu++0x";
				CLANG_CXX_LIBRARY = "libc++";
				CLANG_ENABLE_MODULES = YES;
				CLANG_ENABLE_OBJC_ARC = YES;
				CLANG_WARN_BOOL_CONVERSION = YES;
				CLANG_WARN_CONSTANT_CONVERSION = YES;
				CLANG_WARN_DIRECT_OBJC_ISA_USAGE = YES_ERROR;
				CLANG_WARN_DOCUMENTATION_COMMENTS = YES;
				CLANG_WARN_EMPTY_BODY = YES;
				CLANG_WARN_ENUM_CONVERSION = YES;
				CLANG_WARN_INFINITE_RECURSION = YES;
				CLANG_WARN_INT_CONVERSION = YES;
				CLANG_WARN_OBJC_ROOT_CLASS = YES_ERROR;
				CLANG_WARN_SUSPICIOUS_MOVES = YES;
				CLANG_WARN_UNREACHABLE_CODE = YES;
				CLANG_WARN__DUPLICATE_METHOD_MATCH = YES;
				"CODE_SIGN_IDENTITY[sdk=iphoneos*]" = "iPhone Developer";
				COPY_PHASE_STRIP = NO;
				DEBUG_INFORMATION_FORMAT = "dwarf-with-dsym";
				ENABLE_NS_ASSERTIONS = NO;
				ENABLE_STRICT_OBJC_MSGSEND = YES;
				GCC_C_LANGUAGE_STANDARD = gnu99;
				GCC_NO_COMMON_BLOCKS = YES;
				GCC_WARN_64_TO_32_BIT_CONVERSION = YES;
				GCC_WARN_ABOUT_RETURN_TYPE = YES_ERROR;
				GCC_WARN_UNDECLARED_SELECTOR = YES;
				GCC_WARN_UNINITIALIZED_AUTOS = YES_AGGRESSIVE;
				GCC_WARN_UNUSED_FUNCTION = YES;
				GCC_WARN_UNUSED_VARIABLE = YES;
				IPHONEOS_DEPLOYMENT_TARGET = 10.1;
				MTL_ENABLE_DEBUG_INFO = NO;
				SDKROOT = iphoneos;
				SWIFT_OPTIMIZATION_LEVEL = "-Owholemodule";
				TARGETED_DEVICE_FAMILY = "1,2";
				VALIDATE_PRODUCT = YES;
			};
			name = Release;
		};
		E1310E571F4093E400BCDCF6 /* Debug */ = {
			isa = XCBuildConfiguration;
			baseConfigurationReference = 9D191A6007686751181181DF /* Pods-UserPhotosTest.debug.xcconfig */;
			buildSettings = {
				ASSETCATALOG_COMPILER_APPICON_NAME = AppIcon;
				DEVELOPMENT_TEAM = KHCF8EGZ5Y;
				INFOPLIST_FILE = UserPhotosTest/Info.plist;
				IPHONEOS_DEPLOYMENT_TARGET = 9.0;
				LD_RUNPATH_SEARCH_PATHS = "$(inherited) @executable_path/Frameworks";
				PRODUCT_BUNDLE_IDENTIFIER = com.vasyl.UserPhotosTest;
				PRODUCT_NAME = "$(TARGET_NAME)";
				SWIFT_VERSION = 3.0;
			};
			name = Debug;
		};
		E1310E581F4093E400BCDCF6 /* Release */ = {
			isa = XCBuildConfiguration;
			baseConfigurationReference = 682B6DBCE927B1E0ACCF256F /* Pods-UserPhotosTest.release.xcconfig */;
			buildSettings = {
				ASSETCATALOG_COMPILER_APPICON_NAME = AppIcon;
				DEVELOPMENT_TEAM = KHCF8EGZ5Y;
				INFOPLIST_FILE = UserPhotosTest/Info.plist;
				IPHONEOS_DEPLOYMENT_TARGET = 9.0;
				LD_RUNPATH_SEARCH_PATHS = "$(inherited) @executable_path/Frameworks";
				PRODUCT_BUNDLE_IDENTIFIER = com.vasyl.UserPhotosTest;
				PRODUCT_NAME = "$(TARGET_NAME)";
				SWIFT_VERSION = 3.0;
			};
			name = Release;
		};
/* End XCBuildConfiguration section */

/* Begin XCConfigurationList section */
		E1310E3F1F4093E400BCDCF6 /* Build configuration list for PBXProject "UserPhotosTest" */ = {
			isa = XCConfigurationList;
			buildConfigurations = (
				E1310E541F4093E400BCDCF6 /* Debug */,
				E1310E551F4093E400BCDCF6 /* Release */,
			);
			defaultConfigurationIsVisible = 0;
			defaultConfigurationName = Release;
		};
		E1310E561F4093E400BCDCF6 /* Build configuration list for PBXNativeTarget "UserPhotosTest" */ = {
			isa = XCConfigurationList;
			buildConfigurations = (
				E1310E571F4093E400BCDCF6 /* Debug */,
				E1310E581F4093E400BCDCF6 /* Release */,
			);
			defaultConfigurationIsVisible = 0;
			defaultConfigurationName = Release;
		};
/* End XCConfigurationList section */
	};
	rootObject = E1310E3C1F4093E400BCDCF6 /* Project object */;
}
